<?xml version="1.0" encoding="UTF-8"?>
<Scheme
   LastUpgradeVersion = "1500"
   version = "1.7">
   <BuildAction
      parallelizeBuildables = "YES"
      buildImplicitDependencies = "YES">
      <BuildActionEntries>
         <BuildActionEntry
            buildForTesting = "YES"
            buildForRunning = "YES"
            buildForProfiling = "YES"
            buildForArchiving = "YES"
            buildForAnalyzing = "YES">
            <BuildableReference
               BuildableIdentifier = "primary"
               BlueprintIdentifier = "9E9CBD862A5898D600CB9319"
               BuildableName = "vittra.literaturetime.app"
               BlueprintName = "vittra.literaturetime"
               ReferencedContainer = "container:vittra.literaturetime.xcodeproj">
            </BuildableReference>
         </BuildActionEntry>
      </BuildActionEntries>
   </BuildAction>
   <TestAction
      buildConfiguration = "Debug"
      selectedDebuggerIdentifier = "Xcode.DebuggerFoundation.Debugger.LLDB"
      selectedLauncherIdentifier = "Xcode.DebuggerFoundation.Launcher.LLDB"
      shouldUseLaunchSchemeArgsEnv = "YES"
      shouldAutocreateTestPlan = "YES">
      <Testables>
         <TestableReference
            skipped = "NO"
            parallelizable = "YES">
            <BuildableReference
               BuildableIdentifier = "primary"
               BlueprintIdentifier = "9E9CBD9A2A5898D800CB9319"
               BuildableName = "vittra.literaturetimeTests.xctest"
               BlueprintName = "vittra.literaturetimeTests"
               ReferencedContainer = "container:vittra.literaturetime.xcodeproj">
            </BuildableReference>
         </TestableReference>
         <TestableReference
            skipped = "NO"
            parallelizable = "YES">
            <BuildableReference
               BuildableIdentifier = "primary"
               BlueprintIdentifier = "9E9CBDA42A5898D800CB9319"
               BuildableName = "vittra.literaturetimeUITests.xctest"
               BlueprintName = "vittra.literaturetimeUITests"
               ReferencedContainer = "container:vittra.literaturetime.xcodeproj">
            </BuildableReference>
         </TestableReference>
      </Testables>
   </TestAction>
   <LaunchAction
      buildConfiguration = "Debug"
      selectedDebuggerIdentifier = "Xcode.DebuggerFoundation.Debugger.LLDB"
      selectedLauncherIdentifier = "Xcode.DebuggerFoundation.Launcher.LLDB"
      launchStyle = "0"
      useCustomWorkingDirectory = "NO"
      ignoresPersistentStateOnLaunch = "NO"
      debugDocumentVersioning = "YES"
      debugServiceExtension = "internal"
      allowLocationSimulation = "YES">
      <BuildableProductRunnable
         runnableDebuggingMode = "0">
         <BuildableReference
            BuildableIdentifier = "primary"
            BlueprintIdentifier = "9E9CBD862A5898D600CB9319"
            BuildableName = "vittra.literaturetime.app"
            BlueprintName = "vittra.literaturetime"
            ReferencedContainer = "container:vittra.literaturetime.xcodeproj">
         </BuildableReference>
      </BuildableProductRunnable>
   </LaunchAction>
   <ProfileAction
      buildConfiguration = "Release"
      shouldUseLaunchSchemeArgsEnv = "YES"
      savedToolIdentifier = ""
      useCustomWorkingDirectory = "NO"
      debugDocumentVersioning = "YES">
      <BuildableProductRunnable
         runnableDebuggingMode = "0">
         <BuildableReference
            BuildableIdentifier = "primary"
            BlueprintIdentifier = "9E9CBD862A5898D600CB9319"
            BuildableName = "vittra.literaturetime.app"
            BlueprintName = "vittra.literaturetime"
            ReferencedContainer = "container:vittra.literaturetime.xcodeproj">
         </BuildableReference>
      </BuildableProductRunnable>
   </ProfileAction>
   <AnalyzeAction
      buildConfiguration = "Debug">
   </AnalyzeAction>
   <ArchiveAction
      buildConfiguration = "Release"
      revealArchiveInOrganizer = "YES">
      <PostActions>
         <ExecutionAction
            ActionType = "Xcode.IDEStandardExecutionActionsCore.ExecutionActionType.ShellScriptAction">
            <ActionContent
               title = "Run Script"
               scriptText = "PLB=/usr/libexec/PlistBuddy&#10;BRANCH=${1:-&apos;main&apos;}&#10;BUILDNUMBER=$(expr $(git -C ${PROJECT_DIR} rev-list $BRANCH --count) + $(git -C ${PROJECT_DIR} rev-list $BRANCH..HEAD --count))&#10;&#10;$PLB -c &quot;Set :CFBundleVersion $BUILDNUMBER&quot; &quot;${TARGET_BUILD_DIR}/${INFOPLIST_PATH}&quot;&#10;">
            </ActionContent>
         </ExecutionAction>
      </PostActions>
   </ArchiveAction>
</Scheme>
