// !$*UTF8*$!
{
	archiveVersion = 1;
	classes = {
	};
	objectVersion = 56;
	objects = {

/* Begin PBXBuildFile section */
		9E16CA0A2AA28ABD00B50C39 /* LiteratureTimeView.swift in Sources */ = {isa = PBXBuildFile; fileRef = 9E16CA092AA28ABD00B50C39 /* LiteratureTimeView.swift */; };
		9E1F45EB2B47086800454FD8 /* Quotes in Resources */ = {isa = PBXBuildFile; fileRef = 9E1F45EA2B47086800454FD8 /* Quotes */; };
		9E6FDC022BBC5E83003DF133 /* Providers in Frameworks */ = {isa = PBXBuildFile; productRef = 9E6FDC012BBC5E83003DF133 /* Providers */; };
		9E97DBD22B938F5D007DE3A4 /* LiteratureTimePreview.swift in Sources */ = {isa = PBXBuildFile; fileRef = 9E97DBD12B938F5D007DE3A4 /* LiteratureTimePreview.swift */; };
		9E97DBD42B93D12D007DE3A4 /* UIApplicationExtension.swift in Sources */ = {isa = PBXBuildFile; fileRef = 9E97DBD32B93D12D007DE3A4 /* UIApplicationExtension.swift */; };
		9E9CBD8B2A5898D600CB9319 /* VittraApp.swift in Sources */ = {isa = PBXBuildFile; fileRef = 9E9CBD8A2A5898D600CB9319 /* VittraApp.swift */; };
		9E9CBD8D2A5898D600CB9319 /* ContentView.swift in Sources */ = {isa = PBXBuildFile; fileRef = 9E9CBD8C2A5898D600CB9319 /* ContentView.swift */; };
		9E9CBD8F2A5898D800CB9319 /* Colors.xcassets in Resources */ = {isa = PBXBuildFile; fileRef = 9E9CBD8E2A5898D800CB9319 /* Colors.xcassets */; };
		9EB8AB502B8909DC00C6708C /* SettingsView.swift in Sources */ = {isa = PBXBuildFile; fileRef = 9EB8AB4F2B8909DC00C6708C /* SettingsView.swift */; };
		9EB8AB532B89129500C6708C /* AboutView.swift in Sources */ = {isa = PBXBuildFile; fileRef = 9EB8AB522B89129500C6708C /* AboutView.swift */; };
		9EEB857E2B664A4000D48369 /* Oknytt in Frameworks */ = {isa = PBXBuildFile; productRef = 9EEB857D2B664A4000D48369 /* Oknytt */; };
		9EF5B1582BBC5FF6005BB932 /* Models in Frameworks */ = {isa = PBXBuildFile; productRef = 9EF5B1572BBC5FF6005BB932 /* Models */; };
/* End PBXBuildFile section */

/* Begin PBXFileReference section */
		9E16CA092AA28ABD00B50C39 /* LiteratureTimeView.swift */ = {isa = PBXFileReference; lastKnownFileType = sourcecode.swift; path = LiteratureTimeView.swift; sourceTree = "<group>"; };
		9E1F45EA2B47086800454FD8 /* Quotes */ = {isa = PBXFileReference; lastKnownFileType = folder; path = Quotes; sourceTree = "<group>"; };
		9E2D43662AED5AC50006EB20 /* Yggdrasil */ = {isa = PBXFileReference; lastKnownFileType = wrapper; path = Yggdrasil; sourceTree = "<group>"; };
		9E6FDC002BBC5E30003DF133 /* Providers */ = {isa = PBXFileReference; lastKnownFileType = wrapper; path = Providers; sourceTree = "<group>"; };
		9E77C65F2B94B2A400ABF7B6 /* LICENSE */ = {isa = PBXFileReference; lastKnownFileType = text; path = LICENSE; sourceTree = "<group>"; };
		9E77C6602B94B2B500ABF7B6 /* CHANGELOG.md */ = {isa = PBXFileReference; lastKnownFileType = net.daringfireball.markdown; path = CHANGELOG.md; sourceTree = "<group>"; };
		9E77C6612B94B2BF00ABF7B6 /* PRIVACY.md */ = {isa = PBXFileReference; lastKnownFileType = net.daringfireball.markdown; path = PRIVACY.md; sourceTree = "<group>"; };
		9E97DBD12B938F5D007DE3A4 /* LiteratureTimePreview.swift */ = {isa = PBXFileReference; lastKnownFileType = sourcecode.swift; path = LiteratureTimePreview.swift; sourceTree = "<group>"; };
		9E97DBD32B93D12D007DE3A4 /* UIApplicationExtension.swift */ = {isa = PBXFileReference; lastKnownFileType = sourcecode.swift; path = UIApplicationExtension.swift; sourceTree = "<group>"; };
		9E9CBD872A5898D600CB9319 /* vittra.literaturetime.app */ = {isa = PBXFileReference; explicitFileType = wrapper.application; includeInIndex = 0; path = vittra.literaturetime.app; sourceTree = BUILT_PRODUCTS_DIR; };
		9E9CBD8A2A5898D600CB9319 /* VittraApp.swift */ = {isa = PBXFileReference; lastKnownFileType = sourcecode.swift; path = VittraApp.swift; sourceTree = "<group>"; };
		9E9CBD8C2A5898D600CB9319 /* ContentView.swift */ = {isa = PBXFileReference; lastKnownFileType = sourcecode.swift; path = ContentView.swift; sourceTree = "<group>"; };
		9E9CBD8E2A5898D800CB9319 /* Colors.xcassets */ = {isa = PBXFileReference; lastKnownFileType = folder.assetcatalog; path = Colors.xcassets; sourceTree = "<group>"; };
		9E9CBD952A5898D800CB9319 /* VittraApp.entitlements */ = {isa = PBXFileReference; lastKnownFileType = text.plist.entitlements; path = VittraApp.entitlements; sourceTree = "<group>"; };
		9E9CBD962A5898D800CB9319 /* Info.plist */ = {isa = PBXFileReference; lastKnownFileType = text.plist.xml; path = Info.plist; sourceTree = "<group>"; };
		9EB8AB4F2B8909DC00C6708C /* SettingsView.swift */ = {isa = PBXFileReference; lastKnownFileType = sourcecode.swift; path = SettingsView.swift; sourceTree = "<group>"; };
		9EB8AB522B89129500C6708C /* AboutView.swift */ = {isa = PBXFileReference; lastKnownFileType = sourcecode.swift; path = AboutView.swift; sourceTree = "<group>"; };
		9EEB857C2B66488600D48369 /* Oknytt */ = {isa = PBXFileReference; lastKnownFileType = wrapper; path = Oknytt; sourceTree = "<group>"; };
		9EF5B1592BBC6120005BB932 /* Models */ = {isa = PBXFileReference; lastKnownFileType = wrapper; path = Models; sourceTree = "<group>"; };
/* End PBXFileReference section */

/* Begin PBXFrameworksBuildPhase section */
		9E9CBD842A5898D600CB9319 /* Frameworks */ = {
			isa = PBXFrameworksBuildPhase;
			buildActionMask = 2147483647;
			files = (
				9EF5B1582BBC5FF6005BB932 /* Models in Frameworks */,
				9EEB857E2B664A4000D48369 /* Oknytt in Frameworks */,
				9E6FDC022BBC5E83003DF133 /* Providers in Frameworks */,
			);
			runOnlyForDeploymentPostprocessing = 0;
		};
/* End PBXFrameworksBuildPhase section */

/* Begin PBXGroup section */
		9E9CBD7E2A5898D600CB9319 = {
			isa = PBXGroup;
			children = (
				9E77C6612B94B2BF00ABF7B6 /* PRIVACY.md */,
				9E77C6602B94B2B500ABF7B6 /* CHANGELOG.md */,
				9E77C65F2B94B2A400ABF7B6 /* LICENSE */,
				9E1F45EA2B47086800454FD8 /* Quotes */,
				9EF5B1592BBC6120005BB932 /* Models */,
				9E6FDC002BBC5E30003DF133 /* Providers */,
				9EEB857C2B66488600D48369 /* Oknytt */,
				9E2D43662AED5AC50006EB20 /* Yggdrasil */,
				9E9CBD892A5898D600CB9319 /* vittra.literaturetime */,
				9E9CBD882A5898D600CB9319 /* Products */,
				9EBEDEF42A9BC7E2002CD4A4 /* Frameworks */,
			);
			sourceTree = "<group>";
		};
		9E9CBD882A5898D600CB9319 /* Products */ = {
			isa = PBXGroup;
			children = (
				9E9CBD872A5898D600CB9319 /* vittra.literaturetime.app */,
			);
			name = Products;
			sourceTree = "<group>";
		};
		9E9CBD892A5898D600CB9319 /* vittra.literaturetime */ = {
			isa = PBXGroup;
			children = (
				9E9CBD962A5898D800CB9319 /* Info.plist */,
				9ED072EC2AED989B000A6120 /* Resources */,
				9EF396F72AC4DDBB00C93C3A /* Extensions */,
				9EF396F12AC4BFAB00C93C3A /* Views */,
				9E9CBD8A2A5898D600CB9319 /* VittraApp.swift */,
				9E9CBD952A5898D800CB9319 /* VittraApp.entitlements */,
			);
			path = vittra.literaturetime;
			sourceTree = "<group>";
		};
		9E9CBD902A5898D800CB9319 /* Preview */ = {
			isa = PBXGroup;
			children = (
				9E97DBD12B938F5D007DE3A4 /* LiteratureTimePreview.swift */,
			);
			path = Preview;
			sourceTree = "<group>";
		};
		9EB8AB512B89127900C6708C /* Settings */ = {
			isa = PBXGroup;
			children = (
				9EB8AB4F2B8909DC00C6708C /* SettingsView.swift */,
				9EB8AB522B89129500C6708C /* AboutView.swift */,
			);
			path = Settings;
			sourceTree = "<group>";
		};
		9EBEDEF42A9BC7E2002CD4A4 /* Frameworks */ = {
			isa = PBXGroup;
			children = (
			);
			name = Frameworks;
			sourceTree = "<group>";
		};
		9ED072EC2AED989B000A6120 /* Resources */ = {
			isa = PBXGroup;
			children = (
				9E9CBD8E2A5898D800CB9319 /* Colors.xcassets */,
				9E9CBD902A5898D800CB9319 /* Preview */,
			);
			path = Resources;
			sourceTree = "<group>";
		};
		9EF396F12AC4BFAB00C93C3A /* Views */ = {
			isa = PBXGroup;
			children = (
				9EB8AB512B89127900C6708C /* Settings */,
				9E9CBD8C2A5898D600CB9319 /* ContentView.swift */,
				9E16CA092AA28ABD00B50C39 /* LiteratureTimeView.swift */,
			);
			path = Views;
			sourceTree = "<group>";
		};
		9EF396F72AC4DDBB00C93C3A /* Extensions */ = {
			isa = PBXGroup;
			children = (
				9E97DBD32B93D12D007DE3A4 /* UIApplicationExtension.swift */,
			);
			path = Extensions;
			sourceTree = "<group>";
		};
/* End PBXGroup section */

/* Begin PBXNativeTarget section */
		9E9CBD862A5898D600CB9319 /* vittra.literaturetime */ = {
			isa = PBXNativeTarget;
			buildConfigurationList = 9E9CBDAF2A5898D800CB9319 /* Build configuration list for PBXNativeTarget "vittra.literaturetime" */;
			buildPhases = (
				9E9CBD832A5898D600CB9319 /* Sources */,
				9E9CBD842A5898D600CB9319 /* Frameworks */,
				9E9CBD852A5898D600CB9319 /* Resources */,
			);
			buildRules = (
			);
			dependencies = (
			);
			name = vittra.literaturetime;
			packageProductDependencies = (
				9EEB857D2B664A4000D48369 /* Oknytt */,
				9E6FDC012BBC5E83003DF133 /* Providers */,
				9EF5B1572BBC5FF6005BB932 /* Models */,
			);
			productName = vittra.literaturetime;
			productReference = 9E9CBD872A5898D600CB9319 /* vittra.literaturetime.app */;
			productType = "com.apple.product-type.application";
		};
/* End PBXNativeTarget section */

/* Begin PBXProject section */
		9E9CBD7F2A5898D600CB9319 /* Project object */ = {
			isa = PBXProject;
			attributes = {
				BuildIndependentTargetsInParallel = 1;
				LastSwiftUpdateCheck = 1500;
				LastUpgradeCheck = 1500;
				TargetAttributes = {
					9E9CBD862A5898D600CB9319 = {
						CreatedOnToolsVersion = 15.0;
					};
				};
			};
			buildConfigurationList = 9E9CBD822A5898D600CB9319 /* Build configuration list for PBXProject "vittra.literaturetime" */;
			compatibilityVersion = "Xcode 14.0";
			developmentRegion = en;
			hasScannedForEncodings = 0;
			knownRegions = (
				en,
				Base,
			);
			mainGroup = 9E9CBD7E2A5898D600CB9319;
			packageReferences = (
			);
			productRefGroup = 9E9CBD882A5898D600CB9319 /* Products */;
			projectDirPath = "";
			projectRoot = "";
			targets = (
				9E9CBD862A5898D600CB9319 /* vittra.literaturetime */,
			);
		};
/* End PBXProject section */

/* Begin PBXResourcesBuildPhase section */
		9E9CBD852A5898D600CB9319 /* Resources */ = {
			isa = PBXResourcesBuildPhase;
			buildActionMask = 2147483647;
			files = (
				9E9CBD8F2A5898D800CB9319 /* Colors.xcassets in Resources */,
				9E1F45EB2B47086800454FD8 /* Quotes in Resources */,
			);
			runOnlyForDeploymentPostprocessing = 0;
		};
/* End PBXResourcesBuildPhase section */

/* Begin PBXSourcesBuildPhase section */
		9E9CBD832A5898D600CB9319 /* Sources */ = {
			isa = PBXSourcesBuildPhase;
			buildActionMask = 2147483647;
			files = (
				9E9CBD8D2A5898D600CB9319 /* ContentView.swift in Sources */,
				9EB8AB502B8909DC00C6708C /* SettingsView.swift in Sources */,
				9E97DBD22B938F5D007DE3A4 /* LiteratureTimePreview.swift in Sources */,
				9E97DBD42B93D12D007DE3A4 /* UIApplicationExtension.swift in Sources */,
				9EB8AB532B89129500C6708C /* AboutView.swift in Sources */,
				9E16CA0A2AA28ABD00B50C39 /* LiteratureTimeView.swift in Sources */,
				9E9CBD8B2A5898D600CB9319 /* VittraApp.swift in Sources */,
			);
			runOnlyForDeploymentPostprocessing = 0;
		};
/* End PBXSourcesBuildPhase section */

/* Begin XCBuildConfiguration section */
		9E9CBDAD2A5898D800CB9319 /* Debug */ = {
			isa = XCBuildConfiguration;
			buildSettings = {
				ALWAYS_SEARCH_USER_PATHS = NO;
				ASSETCATALOG_COMPILER_GENERATE_SWIFT_ASSET_SYMBOL_EXTENSIONS = YES;
				CLANG_ANALYZER_NONNULL = YES;
				CLANG_ANALYZER_NUMBER_OBJECT_CONVERSION = YES_AGGRESSIVE;
				CLANG_CXX_LANGUAGE_STANDARD = "gnu++20";
				CLANG_ENABLE_MODULES = YES;
				CLANG_ENABLE_OBJC_ARC = YES;
				CLANG_ENABLE_OBJC_WEAK = YES;
				CLANG_WARN_BLOCK_CAPTURE_AUTORELEASING = YES;
				CLANG_WARN_BOOL_CONVERSION = YES;
				CLANG_WARN_COMMA = YES;
				CLANG_WARN_CONSTANT_CONVERSION = YES;
				CLANG_WARN_DEPRECATED_OBJC_IMPLEMENTATIONS = YES;
				CLANG_WARN_DIRECT_OBJC_ISA_USAGE = YES_ERROR;
				CLANG_WARN_DOCUMENTATION_COMMENTS = YES;
				CLANG_WARN_EMPTY_BODY = YES;
				CLANG_WARN_ENUM_CONVERSION = YES;
				CLANG_WARN_INFINITE_RECURSION = YES;
				CLANG_WARN_INT_CONVERSION = YES;
				CLANG_WARN_NON_LITERAL_NULL_CONVERSION = YES;
				CLANG_WARN_OBJC_IMPLICIT_RETAIN_SELF = YES;
				CLANG_WARN_OBJC_LITERAL_CONVERSION = YES;
				CLANG_WARN_OBJC_ROOT_CLASS = YES_ERROR;
				CLANG_WARN_QUOTED_INCLUDE_IN_FRAMEWORK_HEADER = YES;
				CLANG_WARN_RANGE_LOOP_ANALYSIS = YES;
				CLANG_WARN_STRICT_PROTOTYPES = YES;
				CLANG_WARN_SUSPICIOUS_MOVE = YES;
				CLANG_WARN_UNGUARDED_AVAILABILITY = YES_AGGRESSIVE;
				CLANG_WARN_UNREACHABLE_CODE = YES;
				CLANG_WARN__DUPLICATE_METHOD_MATCH = YES;
				COPY_PHASE_STRIP = NO;
				DEBUG_INFORMATION_FORMAT = dwarf;
				ENABLE_STRICT_OBJC_MSGSEND = YES;
				ENABLE_TESTABILITY = YES;
				ENABLE_USER_SCRIPT_SANDBOXING = YES;
				GCC_C_LANGUAGE_STANDARD = gnu17;
				GCC_DYNAMIC_NO_PIC = NO;
				GCC_NO_COMMON_BLOCKS = YES;
				GCC_OPTIMIZATION_LEVEL = 0;
				GCC_PREPROCESSOR_DEFINITIONS = (
					"DEBUG=1",
					"$(inherited)",
				);
				GCC_WARN_64_TO_32_BIT_CONVERSION = YES;
				GCC_WARN_ABOUT_RETURN_TYPE = YES_ERROR;
				GCC_WARN_UNDECLARED_SELECTOR = YES;
				GCC_WARN_UNINITIALIZED_AUTOS = YES_AGGRESSIVE;
				GCC_WARN_UNUSED_FUNCTION = YES;
				GCC_WARN_UNUSED_VARIABLE = YES;
				IPHONEOS_DEPLOYMENT_TARGET = 17.0;
				LOCALIZATION_PREFERS_STRING_CATALOGS = YES;
				MTL_ENABLE_DEBUG_INFO = INCLUDE_SOURCE;
				MTL_FAST_MATH = YES;
				ONLY_ACTIVE_ARCH = YES;
				SDKROOT = iphoneos;
				SWIFT_ACTIVE_COMPILATION_CONDITIONS = "DEBUG $(inherited)";
				SWIFT_OPTIMIZATION_LEVEL = "-Onone";
				SWIFT_STRICT_CONCURRENCY = complete;
				SWIFT_VERSION = 6.0;
			};
			name = Debug;
		};
		9E9CBDAE2A5898D800CB9319 /* Release */ = {
			isa = XCBuildConfiguration;
			buildSettings = {
				ALWAYS_SEARCH_USER_PATHS = NO;
				ASSETCATALOG_COMPILER_GENERATE_SWIFT_ASSET_SYMBOL_EXTENSIONS = YES;
				CLANG_ANALYZER_NONNULL = YES;
				CLANG_ANALYZER_NUMBER_OBJECT_CONVERSION = YES_AGGRESSIVE;
				CLANG_CXX_LANGUAGE_STANDARD = "gnu++20";
				CLANG_ENABLE_MODULES = YES;
				CLANG_ENABLE_OBJC_ARC = YES;
				CLANG_ENABLE_OBJC_WEAK = YES;
				CLANG_WARN_BLOCK_CAPTURE_AUTORELEASING = YES;
				CLANG_WARN_BOOL_CONVERSION = YES;
				CLANG_WARN_COMMA = YES;
				CLANG_WARN_CONSTANT_CONVERSION = YES;
				CLANG_WARN_DEPRECATED_OBJC_IMPLEMENTATIONS = YES;
				CLANG_WARN_DIRECT_OBJC_ISA_USAGE = YES_ERROR;
				CLANG_WARN_DOCUMENTATION_COMMENTS = YES;
				CLANG_WARN_EMPTY_BODY = YES;
				CLANG_WARN_ENUM_CONVERSION = YES;
				CLANG_WARN_INFINITE_RECURSION = YES;
				CLANG_WARN_INT_CONVERSION = YES;
				CLANG_WARN_NON_LITERAL_NULL_CONVERSION = YES;
				CLANG_WARN_OBJC_IMPLICIT_RETAIN_SELF = YES;
				CLANG_WARN_OBJC_LITERAL_CONVERSION = YES;
				CLANG_WARN_OBJC_ROOT_CLASS = YES_ERROR;
				CLANG_WARN_QUOTED_INCLUDE_IN_FRAMEWORK_HEADER = YES;
				CLANG_WARN_RANGE_LOOP_ANALYSIS = YES;
				CLANG_WARN_STRICT_PROTOTYPES = YES;
				CLANG_WARN_SUSPICIOUS_MOVE = YES;
				CLANG_WARN_UNGUARDED_AVAILABILITY = YES_AGGRESSIVE;
				CLANG_WARN_UNREACHABLE_CODE = YES;
				CLANG_WARN__DUPLICATE_METHOD_MATCH = YES;
				COPY_PHASE_STRIP = NO;
				DEBUG_INFORMATION_FORMAT = "dwarf-with-dsym";
				ENABLE_NS_ASSERTIONS = NO;
				ENABLE_STRICT_OBJC_MSGSEND = YES;
				ENABLE_USER_SCRIPT_SANDBOXING = YES;
				GCC_C_LANGUAGE_STANDARD = gnu17;
				GCC_NO_COMMON_BLOCKS = YES;
				GCC_WARN_64_TO_32_BIT_CONVERSION = YES;
				GCC_WARN_ABOUT_RETURN_TYPE = YES_ERROR;
				GCC_WARN_UNDECLARED_SELECTOR = YES;
				GCC_WARN_UNINITIALIZED_AUTOS = YES_AGGRESSIVE;
				GCC_WARN_UNUSED_FUNCTION = YES;
				GCC_WARN_UNUSED_VARIABLE = YES;
				IPHONEOS_DEPLOYMENT_TARGET = 17.0;
				LOCALIZATION_PREFERS_STRING_CATALOGS = YES;
				MTL_ENABLE_DEBUG_INFO = NO;
				MTL_FAST_MATH = YES;
				SDKROOT = iphoneos;
				SWIFT_COMPILATION_MODE = wholemodule;
				SWIFT_STRICT_CONCURRENCY = complete;
				SWIFT_VERSION = 6.0;
				VALIDATE_PRODUCT = YES;
			};
			name = Release;
		};
		9E9CBDB02A5898D800CB9319 /* Debug */ = {
			isa = XCBuildConfiguration;
			buildSettings = {
				ASSETCATALOG_COMPILER_APPICON_NAME = AppIcon;
				ASSETCATALOG_COMPILER_GLOBAL_ACCENT_COLOR_NAME = AccentColor;
				CODE_SIGN_ENTITLEMENTS = vittra.literaturetime/VittraApp.entitlements;
				CODE_SIGN_STYLE = Automatic;
				CURRENT_PROJECT_VERSION = 1;
				DEVELOPMENT_ASSET_PATHS = vittra.literaturetime/Resources/Preview;
				DEVELOPMENT_TEAM = 32J7P2AA46;
				ENABLE_PREVIEWS = YES;
				GENERATE_INFOPLIST_FILE = YES;
				INFOPLIST_FILE = vittra.literaturetime/Info.plist;
				INFOPLIST_KEY_CFBundleDisplayName = "Timely Quote";
				INFOPLIST_KEY_LSApplicationCategoryType = "public.app-category.reference";
				INFOPLIST_KEY_UIApplicationSceneManifest_Generation = YES;
				INFOPLIST_KEY_UIApplicationSupportsIndirectInputEvents = YES;
				INFOPLIST_KEY_UILaunchScreen_Generation = YES;
				INFOPLIST_KEY_UISupportedInterfaceOrientations = "UIInterfaceOrientationLandscapeLeft UIInterfaceOrientationLandscapeRight UIInterfaceOrientationPortrait UIInterfaceOrientationPortraitUpsideDown";
				LD_RUNPATH_SEARCH_PATHS = (
					"$(inherited)",
					"@executable_path/Frameworks",
				);
				MARKETING_VERSION = 1.5;
				PRODUCT_BUNDLE_IDENTIFIER = "com.artsoftheinsane.vittra-literaturetime";
				PRODUCT_NAME = "$(TARGET_NAME)";
				SUPPORTED_PLATFORMS = "iphoneos iphonesimulator";
				SUPPORTS_MACCATALYST = NO;
				SUPPORTS_MAC_DESIGNED_FOR_IPHONE_IPAD = NO;
				SUPPORTS_XR_DESIGNED_FOR_IPHONE_IPAD = NO;
				SWIFT_EMIT_LOC_STRINGS = YES;
				SWIFT_VERSION = 6.0;
				TARGETED_DEVICE_FAMILY = "1,2";
			};
			name = Debug;
		};
		9E9CBDB12A5898D800CB9319 /* Release */ = {
			isa = XCBuildConfiguration;
			buildSettings = {
				ASSETCATALOG_COMPILER_APPICON_NAME = AppIcon;
				ASSETCATALOG_COMPILER_GLOBAL_ACCENT_COLOR_NAME = AccentColor;
				CODE_SIGN_ENTITLEMENTS = vittra.literaturetime/VittraApp.entitlements;
				CODE_SIGN_STYLE = Automatic;
				CURRENT_PROJECT_VERSION = 1;
				DEVELOPMENT_ASSET_PATHS = vittra.literaturetime/Resources/Preview;
				DEVELOPMENT_TEAM = 32J7P2AA46;
				ENABLE_PREVIEWS = YES;
				GENERATE_INFOPLIST_FILE = YES;
				INFOPLIST_FILE = vittra.literaturetime/Info.plist;
				INFOPLIST_KEY_CFBundleDisplayName = "Timely Quote";
				INFOPLIST_KEY_LSApplicationCategoryType = "public.app-category.reference";
				INFOPLIST_KEY_UIApplicationSceneManifest_Generation = YES;
				INFOPLIST_KEY_UIApplicationSupportsIndirectInputEvents = YES;
				INFOPLIST_KEY_UILaunchScreen_Generation = YES;
				INFOPLIST_KEY_UISupportedInterfaceOrientations = "UIInterfaceOrientationLandscapeLeft UIInterfaceOrientationLandscapeRight UIInterfaceOrientationPortrait UIInterfaceOrientationPortraitUpsideDown";
				LD_RUNPATH_SEARCH_PATHS = (
					"$(inherited)",
					"@executable_path/Frameworks",
				);
				MARKETING_VERSION = 1.5;
				PRODUCT_BUNDLE_IDENTIFIER = "com.artsoftheinsane.vittra-literaturetime";
				PRODUCT_NAME = "$(TARGET_NAME)";
				SUPPORTED_PLATFORMS = "iphoneos iphonesimulator";
				SUPPORTS_MACCATALYST = NO;
				SUPPORTS_MAC_DESIGNED_FOR_IPHONE_IPAD = NO;
				SUPPORTS_XR_DESIGNED_FOR_IPHONE_IPAD = NO;
				SWIFT_EMIT_LOC_STRINGS = YES;
				SWIFT_VERSION = 6.0;
				TARGETED_DEVICE_FAMILY = "1,2";
			};
			name = Release;
		};
/* End XCBuildConfiguration section */

/* Begin XCConfigurationList section */
		9E9CBD822A5898D600CB9319 /* Build configuration list for PBXProject "vittra.literaturetime" */ = {
			isa = XCConfigurationList;
			buildConfigurations = (
				9E9CBDAD2A5898D800CB9319 /* Debug */,
				9E9CBDAE2A5898D800CB9319 /* Release */,
			);
			defaultConfigurationIsVisible = 0;
			defaultConfigurationName = Release;
		};
		9E9CBDAF2A5898D800CB9319 /* Build configuration list for PBXNativeTarget "vittra.literaturetime" */ = {
			isa = XCConfigurationList;
			buildConfigurations = (
				9E9CBDB02A5898D800CB9319 /* Debug */,
				9E9CBDB12A5898D800CB9319 /* Release */,
			);
			defaultConfigurationIsVisible = 0;
			defaultConfigurationName = Release;
		};
/* End XCConfigurationList section */

/* Begin XCSwiftPackageProductDependency section */
		9E6FDC012BBC5E83003DF133 /* Providers */ = {
			isa = XCSwiftPackageProductDependency;
			productName = Providers;
		};
		9EEB857D2B664A4000D48369 /* Oknytt */ = {
			isa = XCSwiftPackageProductDependency;
			productName = Oknytt;
		};
		9EF5B1572BBC5FF6005BB932 /* Models */ = {
			isa = XCSwiftPackageProductDependency;
			productName = Models;
		};
/* End XCSwiftPackageProductDependency section */
	};
	rootObject = 9E9CBD7F2A5898D600CB9319 /* Project object */;
}
